// !$*UTF8*$!
{
	archiveVersion = 1;
	classes = {
	};
	objectVersion = 46;
	objects = {

/* Begin PBXBuildFile section */
		2B095B7D151915B3002B03C5 /* main.cpp in Sources */ = {isa = PBXBuildFile; fileRef = 2B095B7C151915B3002B03C5 /* main.cpp */; };
		2B095B7F151915B3002B03C5 /* bicycle.1 in CopyFiles */ = {isa = PBXBuildFile; fileRef = 2B095B7E151915B3002B03C5 /* bicycle.1 */; };
/* End PBXBuildFile section */

/* Begin PBXCopyFilesBuildPhase section */
		2B095B76151915B3002B03C5 /* CopyFiles */ = {
			isa = PBXCopyFilesBuildPhase;
			buildActionMask = 2147483647;
			dstPath = /usr/share/man/man1/;
			dstSubfolderSpec = 0;
			files = (
				2B095B7F151915B3002B03C5 /* bicycle.1 in CopyFiles */,
			);
			runOnlyForDeploymentPostprocessing = 1;
		};
/* End PBXCopyFilesBuildPhase section */

/* Begin PBXFileReference section */
		2B095B78151915B3002B03C5 /* bicycle */ = {isa = PBXFileReference; explicitFileType = "compiled.mach-o.executable"; includeInIndex = 0; path = bicycle; sourceTree = BUILT_PRODUCTS_DIR; };
		2B095B7C151915B3002B03C5 /* main.cpp */ = {isa = PBXFileReference; lastKnownFileType = sourcecode.cpp.cpp; path = main.cpp; sourceTree = "<group>"; };
		2B095B7E151915B3002B03C5 /* bicycle.1 */ = {isa = PBXFileReference; lastKnownFileType = text.man; path = bicycle.1; sourceTree = "<group>"; };
/* End PBXFileReference section */

/* Begin PBXFrameworksBuildPhase section */
		2B095B75151915B3002B03C5 /* Frameworks */ = {
			isa = PBXFrameworksBuildPhase;
			buildActionMask = 2147483647;
			files = (
			);
			runOnlyForDeploymentPostprocessing = 0;
		};
/* End PBXFrameworksBuildPhase section */

/* Begin PBXGroup section */
		2B095B6D151915B2002B03C5 = {
			isa = PBXGroup;
			children = (
				2B095B7B151915B3002B03C5 /* bicycle */,
				2B095B79151915B3002B03C5 /* Products */,
			);
			sourceTree = "<group>";
		};
		2B095B79151915B3002B03C5 /* Products */ = {
			isa = PBXGroup;
			children = (
				2B095B78151915B3002B03C5 /* bicycle */,
			);
			name = Products;
			sourceTree = "<group>";
		};
		2B095B7B151915B3002B03C5 /* bicycle */ = {
			isa = PBXGroup;
			children = (
				2B095B7C151915B3002B03C5 /* main.cpp */,
				2B095B7E151915B3002B03C5 /* bicycle.1 */,
			);
			path = bicycle;
			sourceTree = "<group>";
		};
/* End PBXGroup section */

/* Begin PBXNativeTarget section */
		2B095B77151915B3002B03C5 /* bicycle */ = {
			isa = PBXNativeTarget;
			buildConfigurationList = 2B095B82151915B3002B03C5 /* Build configuration list for PBXNativeTarget "bicycle" */;
			buildPhases = (
				2B095B74151915B3002B03C5 /* Sources */,
				2B095B75151915B3002B03C5 /* Frameworks */,
				2B095B76151915B3002B03C5 /* CopyFiles */,
			);
			buildRules = (
			);
			dependencies = (
			);
			name = bicycle;
			productName = bicycle;
			productReference = 2B095B78151915B3002B03C5 /* bicycle */;
			productType = "com.apple.product-type.tool";
		};
/* End PBXNativeTarget section */

/* Begin PBXProject section */
		2B095B6F151915B2002B03C5 /* Project object */ = {
			isa = PBXProject;
			attributes = {
				LastUpgradeCheck = 0420;
				ORGANIZATIONNAME = "Eskişehir Osmangazi Üniversitesi";
			};
			buildConfigurationList = 2B095B72151915B2002B03C5 /* Build configuration list for PBXProject "bicycle" */;
			compatibilityVersion = "Xcode 3.2";
			developmentRegion = English;
			hasScannedForEncodings = 0;
			knownRegions = (
				en,
			);
			mainGroup = 2B095B6D151915B2002B03C5;
			productRefGroup = 2B095B79151915B3002B03C5 /* Products */;
			projectDirPath = "";
			projectRoot = "";
			targets = (
				2B095B77151915B3002B03C5 /* bicycle */,
			);
		};
/* End PBXProject section */

/* Begin PBXSourcesBuildPhase section */
		2B095B74151915B3002B03C5 /* Sources */ = {
			isa = PBXSourcesBuildPhase;
			buildActionMask = 2147483647;
			files = (
				2B095B7D151915B3002B03C5 /* main.cpp in Sources */,
			);
			runOnlyForDeploymentPostprocessing = 0;
		};
/* End PBXSourcesBuildPhase section */

/* Begin XCBuildConfiguration section */
		2B095B80151915B3002B03C5 /* Debug */ = {
			isa = XCBuildConfiguration;
			buildSettings = {
				ALWAYS_SEARCH_USER_PATHS = NO;
				ARCHS = "$(ARCHS_STANDARD_64_BIT)";
				CLANG_ENABLE_OBJC_ARC = YES;
				COPY_PHASE_STRIP = NO;
				GCC_C_LANGUAGE_STANDARD = gnu99;
				GCC_DYNAMIC_NO_PIC = NO;
				GCC_ENABLE_OBJC_EXCEPTIONS = YES;
				GCC_OPTIMIZATION_LEVEL = 0;
				GCC_PREPROCESSOR_DEFINITIONS = (
					"DEBUG=1",
					"$(inherited)",
				);
				GCC_SYMBOLS_PRIVATE_EXTERN = NO;
				GCC_VERSION = com.apple.compilers.llvm.clang.1_0;
				GCC_WARN_64_TO_32_BIT_CONVERSION = YES;
				GCC_WARN_ABOUT_MISSING_PROTOTYPES = YES;
				GCC_WARN_ABOUT_RETURN_TYPE = YES;
				GCC_WARN_UNUSED_VARIABLE = YES;
				MACOSX_DEPLOYMENT_TARGET = 10.7;
				ONLY_ACTIVE_ARCH = YES;
				SDKROOT = macosx;
			};
			name = Debug;
		};
		2B095B81151915B3002B03C5 /* Release */ = {
			isa = XCBuildConfiguration;
			buildSettings = {
				ALWAYS_SEARCH_USER_PATHS = NO;
				ARCHS = "$(ARCHS_STANDARD_64_BIT)";
				CLANG_ENABLE_OBJC_ARC = YES;
				COPY_PHASE_STRIP = YES;
				DEBUG_INFORMATION_FORMAT = "dwarf-with-dsym";
				GCC_C_LANGUAGE_STANDARD = gnu99;
				GCC_ENABLE_OBJC_EXCEPTIONS = YES;
				GCC_VERSION = com.apple.compilers.llvm.clang.1_0;
				GCC_WARN_64_TO_32_BIT_CONVERSION = YES;
				GCC_WARN_ABOUT_MISSING_PROTOTYPES = YES;
				GCC_WARN_ABOUT_RETURN_TYPE = YES;
				GCC_WARN_UNUSED_VARIABLE = YES;
				MACOSX_DEPLOYMENT_TARGET = 10.7;
				SDKROOT = macosx;
			};
			name = Release;
		};
		2B095B83151915B3002B03C5 /* Debug */ = {
			isa = XCBuildConfiguration;
			buildSettings = {
				PRODUCT_NAME = "$(TARGET_NAME)";
			};
			name = Debug;
		};
		2B095B84151915B3002B03C5 /* Release */ = {
			isa = XCBuildConfiguration;
			buildSettings = {
				PRODUCT_NAME = "$(TARGET_NAME)";
			};
			name = Release;
		};
/* End XCBuildConfiguration section */

/* Begin XCConfigurationList section */
		2B095B72151915B2002B03C5 /* Build configuration list for PBXProject "bicycle" */ = {
			isa = XCConfigurationList;
			buildConfigurations = (
				2B095B80151915B3002B03C5 /* Debug */,
				2B095B81151915B3002B03C5 /* Release */,
			);
			defaultConfigurationIsVisible = 0;
			defaultConfigurationName = Release;
		};
		2B095B82151915B3002B03C5 /* Build configuration list for PBXNativeTarget "bicycle" */ = {
			isa = XCConfigurationList;
			buildConfigurations = (
				2B095B83151915B3002B03C5 /* Debug */,
				2B095B84151915B3002B03C5 /* Release */,
			);
			defaultConfigurationIsVisible = 0;
		};
/* End XCConfigurationList section */
	};
	rootObject = 2B095B6F151915B2002B03C5 /* Project object */;
}
